
Microsoft Visual Studio Solution File, Format Version 12.00
# Visual Studio Version 16
VisualStudioVersion = 16.0.30717.126
MinimumVisualStudioVersion = 10.0.40219.1
Project("{FAE04EC0-301F-11D3-BF4B-00C04F79EFBC}") = "Hangfire.Jobs", "Hangfire.Common\Hangfire.Jobs.csproj", "{156B2AD4-26AE-47D2-977D-4650F8DA4B8A}"
EndProject
Project("{FAE04EC0-301F-11D3-BF4B-00C04F79EFBC}") = "Hangfire.Demo", "Hangfire.Demo\Hangfire.Demo.csproj", "{4AEC8169-C0A2-4851-9160-6DE266A1B23A}"
EndProject
Global
	GlobalSection(SolutionConfigurationPlatforms) = preSolution
		Debug|Any CPU = Debug|Any CPU
		Release|Any CPU = Release|Any CPU
	EndGlobalSection
	GlobalSection(ProjectConfigurationPlatforms) = postSolution
		{156B2AD4-26AE-47D2-977D-4650F8DA4B8A}.Debug|Any CPU.ActiveCfg = Debug|Any CPU
		{156B2AD4-26AE-47D2-977D-4650F8DA4B8A}.Debug|Any CPU.Build.0 = Debug|Any CPU
		{156B2AD4-26AE-47D2-977D-4650F8DA4B8A}.Release|Any CPU.ActiveCfg = Release|Any CPU
		{156B2AD4-26AE-47D2-977D-4650F8DA4B8A}.Release|Any CPU.Build.0 = Release|Any CPU
		{4AEC8169-C0A2-4851-9160-6DE266A1B23A}.Debug|Any CPU.ActiveCfg = Debug|Any CPU
		{4AEC8169-C0A2-4851-9160-6DE266A1B23A}.Debug|Any CPU.Build.0 = Debug|Any CPU
		{4AEC8169-C0A2-4851-9160-6DE266A1B23A}.Release|Any CPU.ActiveCfg = Release|Any CPU
		{4AEC8169-C0A2-4851-9160-6DE266A1B23A}.Release|Any CPU.Build.0 = Release|Any CPU
	EndGlobalSection
	GlobalSection(SolutionProperties) = preSolution
		HideSolutionNode = FALSE
	EndGlobalSection
	GlobalSection(ExtensibilityGlobals) = postSolution
		SolutionGuid = {6DAA1E0F-E1E1-448E-B018-0C42827CEA90}
	EndGlobalSection
EndGlobal
